// !$*UTF8*$!
{
	archiveVersion = 1;
	classes = {
	};
	objectVersion = 46;
	objects = {

/* Begin PBXBuildFile section */
		3FA615EB1D20010200A9C305 /* main.m in Sources */ = {isa = PBXBuildFile; fileRef = 3FA615EA1D20010200A9C305 /* main.m */; };
		3FA615EE1D20010200A9C305 /* AppDelegate.m in Sources */ = {isa = PBXBuildFile; fileRef = 3FA615ED1D20010200A9C305 /* AppDelegate.m */; };
		3FA615F11D20010200A9C305 /* ViewController.m in Sources */ = {isa = PBXBuildFile; fileRef = 3FA615F01D20010200A9C305 /* ViewController.m */; };
		3FA615F41D20010200A9C305 /* Main.storyboard in Resources */ = {isa = PBXBuildFile; fileRef = 3FA615F21D20010200A9C305 /* Main.storyboard */; };
		3FA615F61D20010200A9C305 /* Assets.xcassets in Resources */ = {isa = PBXBuildFile; fileRef = 3FA615F51D20010200A9C305 /* Assets.xcassets */; };
		3FA615F91D20010200A9C305 /* LaunchScreen.storyboard in Resources */ = {isa = PBXBuildFile; fileRef = 3FA615F71D20010200A9C305 /* LaunchScreen.storyboard */; };
		3FA616041D20010200A9C305 /* AddressBookTests.m in Sources */ = {isa = PBXBuildFile; fileRef = 3FA616031D20010200A9C305 /* AddressBookTests.m */; };
		3FA6160F1D20010200A9C305 /* AddressBookUITests.m in Sources */ = {isa = PBXBuildFile; fileRef = 3FA6160E1D20010200A9C305 /* AddressBookUITests.m */; };
/* End PBXBuildFile section */

/* Begin PBXContainerItemProxy section */
		3FA616001D20010200A9C305 /* PBXContainerItemProxy */ = {
			isa = PBXContainerItemProxy;
			containerPortal = 3FA615DE1D20010200A9C305 /* Project object */;
			proxyType = 1;
			remoteGlobalIDString = 3FA615E51D20010200A9C305;
			remoteInfo = AddressBook;
		};
		3FA6160B1D20010200A9C305 /* PBXContainerItemProxy */ = {
			isa = PBXContainerItemProxy;
			containerPortal = 3FA615DE1D20010200A9C305 /* Project object */;
			proxyType = 1;
			remoteGlobalIDString = 3FA615E51D20010200A9C305;
			remoteInfo = AddressBook;
		};
/* End PBXContainerItemProxy section */

/* Begin PBXFileReference section */
		3FA615E61D20010200A9C305 /* AddressBook.app */ = {isa = PBXFileReference; explicitFileType = wrapper.application; includeInIndex = 0; path = AddressBook.app; sourceTree = BUILT_PRODUCTS_DIR; };
		3FA615EA1D20010200A9C305 /* main.m */ = {isa = PBXFileReference; lastKnownFileType = sourcecode.c.objc; path = main.m; sourceTree = "<group>"; };
		3FA615EC1D20010200A9C305 /* AppDelegate.h */ = {isa = PBXFileReference; lastKnownFileType = sourcecode.c.h; path = AppDelegate.h; sourceTree = "<group>"; };
		3FA615ED1D20010200A9C305 /* AppDelegate.m */ = {isa = PBXFileReference; lastKnownFileType = sourcecode.c.objc; path = AppDelegate.m; sourceTree = "<group>"; };
		3FA615EF1D20010200A9C305 /* ViewController.h */ = {isa = PBXFileReference; lastKnownFileType = sourcecode.c.h; path = ViewController.h; sourceTree = "<group>"; };
		3FA615F01D20010200A9C305 /* ViewController.m */ = {isa = PBXFileReference; lastKnownFileType = sourcecode.c.objc; path = ViewController.m; sourceTree = "<group>"; };
		3FA615F31D20010200A9C305 /* Base */ = {isa = PBXFileReference; lastKnownFileType = file.storyboard; name = Base; path = Base.lproj/Main.storyboard; sourceTree = "<group>"; };
		3FA615F51D20010200A9C305 /* Assets.xcassets */ = {isa = PBXFileReference; lastKnownFileType = folder.assetcatalog; path = Assets.xcassets; sourceTree = "<group>"; };
		3FA615F81D20010200A9C305 /* Base */ = {isa = PBXFileReference; lastKnownFileType = file.storyboard; name = Base; path = Base.lproj/LaunchScreen.storyboard; sourceTree = "<group>"; };
		3FA615FA1D20010200A9C305 /* Info.plist */ = {isa = PBXFileReference; lastKnownFileType = text.plist.xml; path = Info.plist; sourceTree = "<group>"; };
		3FA615FF1D20010200A9C305 /* AddressBookTests.xctest */ = {isa = PBXFileReference; explicitFileType = wrapper.cfbundle; includeInIndex = 0; path = AddressBookTests.xctest; sourceTree = BUILT_PRODUCTS_DIR; };
		3FA616031D20010200A9C305 /* AddressBookTests.m */ = {isa = PBXFileReference; lastKnownFileType = sourcecode.c.objc; path = AddressBookTests.m; sourceTree = "<group>"; };
		3FA616051D20010200A9C305 /* Info.plist */ = {isa = PBXFileReference; lastKnownFileType = text.plist.xml; path = Info.plist; sourceTree = "<group>"; };
		3FA6160A1D20010200A9C305 /* AddressBookUITests.xctest */ = {isa = PBXFileReference; explicitFileType = wrapper.cfbundle; includeInIndex = 0; path = AddressBookUITests.xctest; sourceTree = BUILT_PRODUCTS_DIR; };
		3FA6160E1D20010200A9C305 /* AddressBookUITests.m */ = {isa = PBXFileReference; lastKnownFileType = sourcecode.c.objc; path = AddressBookUITests.m; sourceTree = "<group>"; };
		3FA616101D20010200A9C305 /* Info.plist */ = {isa = PBXFileReference; lastKnownFileType = text.plist.xml; path = Info.plist; sourceTree = "<group>"; };
/* End PBXFileReference section */

/* Begin PBXFrameworksBuildPhase section */
		3FA615E31D20010200A9C305 /* Frameworks */ = {
			isa = PBXFrameworksBuildPhase;
			buildActionMask = 2147483647;
			files = (
			);
			runOnlyForDeploymentPostprocessing = 0;
		};
		3FA615FC1D20010200A9C305 /* Frameworks */ = {
			isa = PBXFrameworksBuildPhase;
			buildActionMask = 2147483647;
			files = (
			);
			runOnlyForDeploymentPostprocessing = 0;
		};
		3FA616071D20010200A9C305 /* Frameworks */ = {
			isa = PBXFrameworksBuildPhase;
			buildActionMask = 2147483647;
			files = (
			);
			runOnlyForDeploymentPostprocessing = 0;
		};
/* End PBXFrameworksBuildPhase section */

/* Begin PBXGroup section */
		3FA615DD1D20010200A9C305 = {
			isa = PBXGroup;
			children = (
				3FA615E81D20010200A9C305 /* AddressBook */,
				3FA616021D20010200A9C305 /* AddressBookTests */,
				3FA6160D1D20010200A9C305 /* AddressBookUITests */,
				3FA615E71D20010200A9C305 /* Products */,
			);
			sourceTree = "<group>";
		};
		3FA615E71D20010200A9C305 /* Products */ = {
			isa = PBXGroup;
			children = (
				3FA615E61D20010200A9C305 /* AddressBook.app */,
				3FA615FF1D20010200A9C305 /* AddressBookTests.xctest */,
				3FA6160A1D20010200A9C305 /* AddressBookUITests.xctest */,
			);
			name = Products;
			sourceTree = "<group>";
		};
		3FA615E81D20010200A9C305 /* AddressBook */ = {
			isa = PBXGroup;
			children = (
				3FA615EC1D20010200A9C305 /* AppDelegate.h */,
				3FA615ED1D20010200A9C305 /* AppDelegate.m */,
				3FA615EF1D20010200A9C305 /* ViewController.h */,
				3FA615F01D20010200A9C305 /* ViewController.m */,
				3FA615F21D20010200A9C305 /* Main.storyboard */,
				3FA615F51D20010200A9C305 /* Assets.xcassets */,
				3FA615F71D20010200A9C305 /* LaunchScreen.storyboard */,
				3FA615FA1D20010200A9C305 /* Info.plist */,
				3FA615E91D20010200A9C305 /* Supporting Files */,
			);
			path = AddressBook;
			sourceTree = "<group>";
		};
		3FA615E91D20010200A9C305 /* Supporting Files */ = {
			isa = PBXGroup;
			children = (
				3FA615EA1D20010200A9C305 /* main.m */,
			);
			name = "Supporting Files";
			sourceTree = "<group>";
		};
		3FA616021D20010200A9C305 /* AddressBookTests */ = {
			isa = PBXGroup;
			children = (
				3FA616031D20010200A9C305 /* AddressBookTests.m */,
				3FA616051D20010200A9C305 /* Info.plist */,
			);
			path = AddressBookTests;
			sourceTree = "<group>";
		};
		3FA6160D1D20010200A9C305 /* AddressBookUITests */ = {
			isa = PBXGroup;
			children = (
				3FA6160E1D20010200A9C305 /* AddressBookUITests.m */,
				3FA616101D20010200A9C305 /* Info.plist */,
			);
			path = AddressBookUITests;
			sourceTree = "<group>";
		};
/* End PBXGroup section */

/* Begin PBXNativeTarget section */
		3FA615E51D20010200A9C305 /* AddressBook */ = {
			isa = PBXNativeTarget;
			buildConfigurationList = 3FA616131D20010200A9C305 /* Build configuration list for PBXNativeTarget "AddressBook" */;
			buildPhases = (
				3FA615E21D20010200A9C305 /* Sources */,
				3FA615E31D20010200A9C305 /* Frameworks */,
				3FA615E41D20010200A9C305 /* Resources */,
			);
			buildRules = (
			);
			dependencies = (
			);
			name = AddressBook;
			productName = AddressBook;
			productReference = 3FA615E61D20010200A9C305 /* AddressBook.app */;
			productType = "com.apple.product-type.application";
		};
		3FA615FE1D20010200A9C305 /* AddressBookTests */ = {
			isa = PBXNativeTarget;
			buildConfigurationList = 3FA616161D20010200A9C305 /* Build configuration list for PBXNativeTarget "AddressBookTests" */;
			buildPhases = (
				3FA615FB1D20010200A9C305 /* Sources */,
				3FA615FC1D20010200A9C305 /* Frameworks */,
				3FA615FD1D20010200A9C305 /* Resources */,
			);
			buildRules = (
			);
			dependencies = (
				3FA616011D20010200A9C305 /* PBXTargetDependency */,
			);
			name = AddressBookTests;
			productName = AddressBookTests;
			productReference = 3FA615FF1D20010200A9C305 /* AddressBookTests.xctest */;
			productType = "com.apple.product-type.bundle.unit-test";
		};
		3FA616091D20010200A9C305 /* AddressBookUITests */ = {
			isa = PBXNativeTarget;
			buildConfigurationList = 3FA616191D20010200A9C305 /* Build configuration list for PBXNativeTarget "AddressBookUITests" */;
			buildPhases = (
				3FA616061D20010200A9C305 /* Sources */,
				3FA616071D20010200A9C305 /* Frameworks */,
				3FA616081D20010200A9C305 /* Resources */,
			);
			buildRules = (
			);
			dependencies = (
				3FA6160C1D20010200A9C305 /* PBXTargetDependency */,
			);
			name = AddressBookUITests;
			productName = AddressBookUITests;
			productReference = 3FA6160A1D20010200A9C305 /* AddressBookUITests.xctest */;
			productType = "com.apple.product-type.bundle.ui-testing";
		};
/* End PBXNativeTarget section */

/* Begin PBXProject section */
		3FA615DE1D20010200A9C305 /* Project object */ = {
			isa = PBXProject;
			attributes = {
				LastUpgradeCheck = 0730;
				ORGANIZATIONNAME = "许珍珍";
				TargetAttributes = {
					3FA615E51D20010200A9C305 = {
						CreatedOnToolsVersion = 7.3.1;
					};
					3FA615FE1D20010200A9C305 = {
						CreatedOnToolsVersion = 7.3.1;
						TestTargetID = 3FA615E51D20010200A9C305;
					};
					3FA616091D20010200A9C305 = {
						CreatedOnToolsVersion = 7.3.1;
						TestTargetID = 3FA615E51D20010200A9C305;
					};
				};
			};
			buildConfigurationList = 3FA615E11D20010200A9C305 /* Build configuration list for PBXProject "AddressBook" */;
			compatibilityVersion = "Xcode 3.2";
			developmentRegion = English;
			hasScannedForEncodings = 0;
			knownRegions = (
				en,
				Base,
			);
			mainGroup = 3FA615DD1D20010200A9C305;
			productRefGroup = 3FA615E71D20010200A9C305 /* Products */;
			projectDirPath = "";
			projectRoot = "";
			targets = (
				3FA615E51D20010200A9C305 /* AddressBook */,
				3FA615FE1D20010200A9C305 /* AddressBookTests */,
				3FA616091D20010200A9C305 /* AddressBookUITests */,
			);
		};
/* End PBXProject section */

/* Begin PBXResourcesBuildPhase section */
		3FA615E41D20010200A9C305 /* Resources */ = {
			isa = PBXResourcesBuildPhase;
			buildActionMask = 2147483647;
			files = (
				3FA615F91D20010200A9C305 /* LaunchScreen.storyboard in Resources */,
				3FA615F61D20010200A9C305 /* Assets.xcassets in Resources */,
				3FA615F41D20010200A9C305 /* Main.storyboard in Resources */,
			);
			runOnlyForDeploymentPostprocessing = 0;
		};
		3FA615FD1D20010200A9C305 /* Resources */ = {
			isa = PBXResourcesBuildPhase;
			buildActionMask = 2147483647;
			files = (
			);
			runOnlyForDeploymentPostprocessing = 0;
		};
		3FA616081D20010200A9C305 /* Resources */ = {
			isa = PBXResourcesBuildPhase;
			buildActionMask = 2147483647;
			files = (
			);
			runOnlyForDeploymentPostprocessing = 0;
		};
/* End PBXResourcesBuildPhase section */

/* Begin PBXSourcesBuildPhase section */
		3FA615E21D20010200A9C305 /* Sources */ = {
			isa = PBXSourcesBuildPhase;
			buildActionMask = 2147483647;
			files = (
				3FA615F11D20010200A9C305 /* ViewController.m in Sources */,
				3FA615EE1D20010200A9C305 /* AppDelegate.m in Sources */,
				3FA615EB1D20010200A9C305 /* main.m in Sources */,
			);
			runOnlyForDeploymentPostprocessing = 0;
		};
		3FA615FB1D20010200A9C305 /* Sources */ = {
			isa = PBXSourcesBuildPhase;
			buildActionMask = 2147483647;
			files = (
				3FA616041D20010200A9C305 /* AddressBookTests.m in Sources */,
			);
			runOnlyForDeploymentPostprocessing = 0;
		};
		3FA616061D20010200A9C305 /* Sources */ = {
			isa = PBXSourcesBuildPhase;
			buildActionMask = 2147483647;
			files = (
				3FA6160F1D20010200A9C305 /* AddressBookUITests.m in Sources */,
			);
			runOnlyForDeploymentPostprocessing = 0;
		};
/* End PBXSourcesBuildPhase section */

/* Begin PBXTargetDependency section */
		3FA616011D20010200A9C305 /* PBXTargetDependency */ = {
			isa = PBXTargetDependency;
			target = 3FA615E51D20010200A9C305 /* AddressBook */;
			targetProxy = 3FA616001D20010200A9C305 /* PBXContainerItemProxy */;
		};
		3FA6160C1D20010200A9C305 /* PBXTargetDependency */ = {
			isa = PBXTargetDependency;
			target = 3FA615E51D20010200A9C305 /* AddressBook */;
			targetProxy = 3FA6160B1D20010200A9C305 /* PBXContainerItemProxy */;
		};
/* End PBXTargetDependency section */

/* Begin PBXVariantGroup section */
		3FA615F21D20010200A9C305 /* Main.storyboard */ = {
			isa = PBXVariantGroup;
			children = (
				3FA615F31D20010200A9C305 /* Base */,
			);
			name = Main.storyboard;
			sourceTree = "<group>";
		};
		3FA615F71D20010200A9C305 /* LaunchScreen.storyboard */ = {
			isa = PBXVariantGroup;
			children = (
				3FA615F81D20010200A9C305 /* Base */,
			);
			name = LaunchScreen.storyboard;
			sourceTree = "<group>";
		};
/* End PBXVariantGroup section */

/* Begin XCBuildConfiguration section */
		3FA616111D20010200A9C305 /* Debug */ = {
			isa = XCBuildConfiguration;
			buildSettings = {
				ALWAYS_SEARCH_USER_PATHS = NO;
				CLANG_ANALYZER_NONNULL = YES;
				CLANG_CXX_LANGUAGE_STANDARD = "gnu++0x";
				CLANG_CXX_LIBRARY = "libc++";
				CLANG_ENABLE_MODULES = YES;
				CLANG_ENABLE_OBJC_ARC = YES;
				CLANG_WARN_BOOL_CONVERSION = YES;
				CLANG_WARN_CONSTANT_CONVERSION = YES;
				CLANG_WARN_DIRECT_OBJC_ISA_USAGE = YES_ERROR;
				CLANG_WARN_EMPTY_BODY = YES;
				CLANG_WARN_ENUM_CONVERSION = YES;
				CLANG_WARN_INT_CONVERSION = YES;
				CLANG_WARN_OBJC_ROOT_CLASS = YES_ERROR;
				CLANG_WARN_UNREACHABLE_CODE = YES;
				CLANG_WARN__DUPLICATE_METHOD_MATCH = YES;
				"CODE_SIGN_IDENTITY[sdk=iphoneos*]" = "iPhone Developer";
				COPY_PHASE_STRIP = NO;
				DEBUG_INFORMATION_FORMAT = dwarf;
				ENABLE_STRICT_OBJC_MSGSEND = YES;
				ENABLE_TESTABILITY = YES;
				GCC_C_LANGUAGE_STANDARD = gnu99;
				GCC_DYNAMIC_NO_PIC = NO;
				GCC_NO_COMMON_BLOCKS = YES;
				GCC_OPTIMIZATION_LEVEL = 0;
				GCC_PREPROCESSOR_DEFINITIONS = (
					"DEBUG=1",
					"$(inherited)",
				);
				GCC_WARN_64_TO_32_BIT_CONVERSION = YES;
				GCC_WARN_ABOUT_RETURN_TYPE = YES_ERROR;
				GCC_WARN_UNDECLARED_SELECTOR = YES;
				GCC_WARN_UNINITIALIZED_AUTOS = YES_AGGRESSIVE;
				GCC_WARN_UNUSED_FUNCTION = YES;
				GCC_WARN_UNUSED_VARIABLE = YES;
				IPHONEOS_DEPLOYMENT_TARGET = 9.3;
				MTL_ENABLE_DEBUG_INFO = YES;
				ONLY_ACTIVE_ARCH = YES;
				SDKROOT = iphoneos;
				TARGETED_DEVICE_FAMILY = "1,2";
			};
			name = Debug;
		};
		3FA616121D20010200A9C305 /* Release */ = {
			isa = XCBuildConfiguration;
			buildSettings = {
				ALWAYS_SEARCH_USER_PATHS = NO;
				CLANG_ANALYZER_NONNULL = YES;
				CLANG_CXX_LANGUAGE_STANDARD = "gnu++0x";
				CLANG_CXX_LIBRARY = "libc++";
				CLANG_ENABLE_MODULES = YES;
				CLANG_ENABLE_OBJC_ARC = YES;
				CLANG_WARN_BOOL_CONVERSION = YES;
				CLANG_WARN_CONSTANT_CONVERSION = YES;
				CLANG_WARN_DIRECT_OBJC_ISA_USAGE = YES_ERROR;
				CLANG_WARN_EMPTY_BODY = YES;
				CLANG_WARN_ENUM_CONVERSION = YES;
				CLANG_WARN_INT_CONVERSION = YES;
				CLANG_WARN_OBJC_ROOT_CLASS = YES_ERROR;
				CLANG_WARN_UNREACHABLE_CODE = YES;
				CLANG_WARN__DUPLICATE_METHOD_MATCH = YES;
				"CODE_SIGN_IDENTITY[sdk=iphoneos*]" = "iPhone Developer";
				COPY_PHASE_STRIP = NO;
				DEBUG_INFORMATION_FORMAT = "dwarf-with-dsym";
				ENABLE_NS_ASSERTIONS = NO;
				ENABLE_STRICT_OBJC_MSGSEND = YES;
				GCC_C_LANGUAGE_STANDARD = gnu99;
				GCC_NO_COMMON_BLOCKS = YES;
				GCC_WARN_64_TO_32_BIT_CONVERSION = YES;
				GCC_WARN_ABOUT_RETURN_TYPE = YES_ERROR;
				GCC_WARN_UNDECLARED_SELECTOR = YES;
				GCC_WARN_UNINITIALIZED_AUTOS = YES_AGGRESSIVE;
				GCC_WARN_UNUSED_FUNCTION = YES;
				GCC_WARN_UNUSED_VARIABLE = YES;
				IPHONEOS_DEPLOYMENT_TARGET = 9.3;
				MTL_ENABLE_DEBUG_INFO = NO;
				SDKROOT = iphoneos;
				TARGETED_DEVICE_FAMILY = "1,2";
				VALIDATE_PRODUCT = YES;
			};
			name = Release;
		};
		3FA616141D20010200A9C305 /* Debug */ = {
			isa = XCBuildConfiguration;
			buildSettings = {
				ASSETCATALOG_COMPILER_APPICON_NAME = AppIcon;
				INFOPLIST_FILE = AddressBook/Info.plist;
				LD_RUNPATH_SEARCH_PATHS = "$(inherited) @executable_path/Frameworks";
				PRODUCT_BUNDLE_IDENTIFIER = com.Jane.AddressBook;
				PRODUCT_NAME = "$(TARGET_NAME)";
			};
			name = Debug;
		};
		3FA616151D20010200A9C305 /* Release */ = {
			isa = XCBuildConfiguration;
			buildSettings = {
				ASSETCATALOG_COMPILER_APPICON_NAME = AppIcon;
				INFOPLIST_FILE = AddressBook/Info.plist;
				LD_RUNPATH_SEARCH_PATHS = "$(inherited) @executable_path/Frameworks";
				PRODUCT_BUNDLE_IDENTIFIER = com.Jane.AddressBook;
				PRODUCT_NAME = "$(TARGET_NAME)";
			};
			name = Release;
		};
		3FA616171D20010200A9C305 /* Debug */ = {
			isa = XCBuildConfiguration;
			buildSettings = {
				BUNDLE_LOADER = "$(TEST_HOST)";
				INFOPLIST_FILE = AddressBookTests/Info.plist;
				LD_RUNPATH_SEARCH_PATHS = "$(inherited) @executable_path/Frameworks @loader_path/Frameworks";
				PRODUCT_BUNDLE_IDENTIFIER = com.Jane.AddressBookTests;
				PRODUCT_NAME = "$(TARGET_NAME)";
				TEST_HOST = "$(BUILT_PRODUCTS_DIR)/AddressBook.app/AddressBook";
			};
			name = Debug;
		};
		3FA616181D20010200A9C305 /* Release */ = {
			isa = XCBuildConfiguration;
			buildSettings = {
				BUNDLE_LOADER = "$(TEST_HOST)";
				INFOPLIST_FILE = AddressBookTests/Info.plist;
				LD_RUNPATH_SEARCH_PATHS = "$(inherited) @executable_path/Frameworks @loader_path/Frameworks";
				PRODUCT_BUNDLE_IDENTIFIER = com.Jane.AddressBookTests;
				PRODUCT_NAME = "$(TARGET_NAME)";
				TEST_HOST = "$(BUILT_PRODUCTS_DIR)/AddressBook.app/AddressBook";
			};
			name = Release;
		};
		3FA6161A1D20010200A9C305 /* Debug */ = {
			isa = XCBuildConfiguration;
			buildSettings = {
				INFOPLIST_FILE = AddressBookUITests/Info.plist;
				LD_RUNPATH_SEARCH_PATHS = "$(inherited) @executable_path/Frameworks @loader_path/Frameworks";
				PRODUCT_BUNDLE_IDENTIFIER = com.Jane.AddressBookUITests;
				PRODUCT_NAME = "$(TARGET_NAME)";
				TEST_TARGET_NAME = AddressBook;
			};
			name = Debug;
		};
		3FA6161B1D20010200A9C305 /* Release */ = {
			isa = XCBuildConfiguration;
			buildSettings = {
				INFOPLIST_FILE = AddressBookUITests/Info.plist;
				LD_RUNPATH_SEARCH_PATHS = "$(inherited) @executable_path/Frameworks @loader_path/Frameworks";
				PRODUCT_BUNDLE_IDENTIFIER = com.Jane.AddressBookUITests;
				PRODUCT_NAME = "$(TARGET_NAME)";
				TEST_TARGET_NAME = AddressBook;
			};
			name = Release;
		};
/* End XCBuildConfiguration section */

/* Begin XCConfigurationList section */
		3FA615E11D20010200A9C305 /* Build configuration list for PBXProject "AddressBook" */ = {
			isa = XCConfigurationList;
			buildConfigurations = (
				3FA616111D20010200A9C305 /* Debug */,
				3FA616121D20010200A9C305 /* Release */,
			);
			defaultConfigurationIsVisible = 0;
			defaultConfigurationName = Release;
		};
		3FA616131D20010200A9C305 /* Build configuration list for PBXNativeTarget "AddressBook" */ = {
			isa = XCConfigurationList;
			buildConfigurations = (
				3FA616141D20010200A9C305 /* Debug */,
				3FA616151D20010200A9C305 /* Release */,
			);
			defaultConfigurationIsVisible = 0;
		};
		3FA616161D20010200A9C305 /* Build configuration list for PBXNativeTarget "AddressBookTests" */ = {
			isa = XCConfigurationList;
			buildConfigurations = (
				3FA616171D20010200A9C305 /* Debug */,
				3FA616181D20010200A9C305 /* Release */,
			);
			defaultConfigurationIsVisible = 0;
		};
		3FA616191D20010200A9C305 /* Build configuration list for PBXNativeTarget "AddressBookUITests" */ = {
			isa = XCConfigurationList;
			buildConfigurations = (
				3FA6161A1D20010200A9C305 /* Debug */,
				3FA6161B1D20010200A9C305 /* Release */,
			);
			defaultConfigurationIsVisible = 0;
		};
/* End XCConfigurationList section */
	};
	rootObject = 3FA615DE1D20010200A9C305 /* Project object */;
}
